# This file is automatically @generated by Cargo.
# It is not intended for manual editing.
version = 4

[[package]]
name = "fusion-executive"
version = "0.1.0"
dependencies = [
 "pnt-config",
 "pnt-estimator",
 "pnt-integrity",
 "pnt-journal",
 "pnt-time",
 "pnt-types",
]

[[package]]
name = "pnt-config"
version = "0.1.0"

[[package]]
name = "pnt-estimator"
version = "0.1.0"
dependencies = [
 "pnt-types",
]

[[package]]
name = "pnt-integrity"
version = "0.1.0"
dependencies = [
 "pnt-types",
]

[[package]]
name = "pnt-journal"
version = "0.1.0"
dependencies = [
 "pnt-types",
]

[[package]]
name = "pnt-time"
version = "0.1.0"

[[package]]
name = "pnt-types"
version = "0.1.0"
